{"version":4,"terraform_version":"1.10.5","serial":17,"lineage":"b1b0e235-db2c-0b27-6c7e-ab2036011cd6","outputs":{"jenkins_namespace":{"value":"jenkins","type":"string"},"jenkins_url":{"value":"Access Jenkins at http://$(minikube ip):30080","type":"string"}},"resources":[{"mode":"managed","type":"kubernetes_cluster_role","name":"jenkins","provider":"provider[\"registry.opentofu.org/hashicorp/kubernetes\"]","instances":[{"schema_version":0,"attributes":{"aggregation_rule":[],"id":"jenkins","metadata":[{"annotations":{},"generate_name":"","generation":0,"labels":{},"name":"jenkins","resource_version":"385","uid":"cc81ae01-50a9-4440-8b78-921830d4b049"}],"rule":[{"api_groups":[""],"non_resource_urls":[],"resource_names":[],"resources":["pods","nodes","services","namespaces"],"verbs":["get","list","create","delete","patch","update"]},{"api_groups":["apps"],"non_resource_urls":[],"resource_names":[],"resources":["deployments","replicasets"],"verbs":["get","list","create","delete","patch","update"]}]},"sensitive_attributes":[],"private":"bnVsbA=="}]},{"mode":"managed","type":"kubernetes_cluster_role_binding","name":"jenkins","provider":"provider[\"registry.opentofu.org/hashicorp/kubernetes\"]","instances":[{"schema_version":0,"attributes":{"id":"jenkins","metadata":[{"annotations":{},"generate_name":"","generation":0,"labels":{},"name":"jenkins","resource_version":"400","uid":"53beae44-0433-4547-8d71-2532df7fc79f"}],"role_ref":[{"api_group":"rbac.authorization.k8s.io","kind":"ClusterRole","name":"jenkins"}],"subject":[{"api_group":"","kind":"ServiceAccount","name":"jenkins","namespace":"jenkins"}]},"sensitive_attributes":[],"private":"bnVsbA==","dependencies":["kubernetes_cluster_role.jenkins","kubernetes_namespace.jenkins","kubernetes_service_account.jenkins"]}]},{"mode":"managed","type":"kubernetes_deployment","name":"jenkins","provider":"provider[\"registry.opentofu.org/hashicorp/kubernetes\"]","instances":[{"schema_version":1,"attributes":{"id":"jenkins/jenkins","metadata":[{"annotations":{},"generate_name":"","generation":1,"labels":{"app":"jenkins"},"name":"jenkins","namespace":"jenkins","resource_version":"13734","uid":"cf39b030-3aa9-44ca-b02d-3cccc34ff567"}],"spec":[{"min_ready_seconds":0,"paused":false,"progress_deadline_seconds":600,"replicas":"1","revision_history_limit":10,"selector":[{"match_expressions":[],"match_labels":{"app":"jenkins"}}],"strategy":[{"rolling_update":[{"max_surge":"25%","max_unavailable":"25%"}],"type":"RollingUpdate"}],"template":[{"metadata":[{"annotations":{},"generate_name":"","generation":0,"labels":{"app":"jenkins"},"name":"","namespace":"","resource_version":"","uid":""}],"spec":[{"active_deadline_seconds":0,"affinity":[],"automount_service_account_token":true,"container":[{"args":[],"command":[],"env":[{"name":"JAVA_OPTS","value":"-Djenkins.install.runSetupWizard=false -Dhudson.model.DownloadService.noSignatureCheck=true -Djava.awt.headless=true -Dcom.sun.net.ssl.checkRevocation=false -Dtrust_all_cert=true -Dhudson.security.csrf.GlobalCrumbIssuerConfiguration.DISABLE_CSRF_PROTECTION=true","value_from":[]},{"name":"JENKINS_OPTS","value":"--httpPort=8080","value_from":[]},{"name":"CURL_CA_BUNDLE","value":"","value_from":[]},{"name":"JENKINS_UC_INSECURE","value":"true","value_from":[]}],"env_from":[],"image":"jenkins/jenkins:lts","image_pull_policy":"IfNotPresent","lifecycle":[],"liveness_probe":[],"name":"jenkins","port":[{"container_port":8080,"host_ip":"","host_port":0,"name":"http","protocol":"TCP"},{"container_port":50000,"host_ip":"","host_port":0,"name":"jnlp","protocol":"TCP"}],"readiness_probe":[],"resources":[{"limits":{"cpu":"1","memory":"2Gi"},"requests":{"cpu":"500m","memory":"1Gi"}}],"security_context":[],"startup_probe":[],"stdin":false,"stdin_once":false,"termination_message_path":"/dev/termination-log","termination_message_policy":"File","tty":false,"volume_device":[],"volume_mount":[{"mount_path":"/var/jenkins_home","mount_propagation":"None","name":"jenkins-home","read_only":false,"sub_path":"","sub_path_expr":""}],"working_dir":""}],"dns_config":[],"dns_policy":"ClusterFirst","enable_service_links":true,"host_aliases":[],"host_ipc":false,"host_network":false,"host_pid":false,"hostname":"","image_pull_secrets":[],"init_container":[],"node_name":"","node_selector":{},"os":[],"priority_class_name":"","readiness_gate":[],"restart_policy":"Always","runtime_class_name":"","scheduler_name":"default-scheduler","security_context":[],"service_account_name":"jenkins","share_process_namespace":false,"subdomain":"","termination_grace_period_seconds":30,"toleration":[],"topology_spread_constraint":[],"volume":[{"aws_elastic_block_store":[],"azure_disk":[],"azure_file":[],"ceph_fs":[],"cinder":[],"config_map":[],"csi":[],"downward_api":[],"empty_dir":[],"ephemeral":[],"fc":[],"flex_volume":[],"flocker":[],"gce_persistent_disk":[],"git_repo":[],"glusterfs":[],"host_path":[],"iscsi":[],"local":[],"name":"jenkins-home","nfs":[],"persistent_volume_claim":[{"claim_name":"jenkins-pvc","read_only":false}],"photon_persistent_disk":[],"projected":[],"quobyte":[],"rbd":[],"secret":[],"vsphere_volume":[]}]}]}]}],"timeouts":null,"wait_for_rollout":true},"sensitive_attributes":[],"private":"eyJlMmJmYjczMC1lY2FhLTExZTYtOGY4OC0zNDM2M2JjN2M0YzAiOnsiY3JlYXRlIjo2MDAwMDAwMDAwMDAsImRlbGV0ZSI6NjAwMDAwMDAwMDAwLCJ1cGRhdGUiOjYwMDAwMDAwMDAwMH0sInNjaGVtYV92ZXJzaW9uIjoiMSJ9","dependencies":["kubernetes_namespace.jenkins","kubernetes_persistent_volume.jenkins_pv","kubernetes_persistent_volume_claim.jenkins_pvc","kubernetes_service_account.jenkins"]}]},{"mode":"managed","type":"kubernetes_namespace","name":"jenkins","provider":"provider[\"registry.opentofu.org/hashicorp/kubernetes\"]","instances":[{"schema_version":0,"attributes":{"id":"jenkins","metadata":[{"annotations":{},"generate_name":"","generation":0,"labels":{},"name":"jenkins","resource_version":"386","uid":"a6c102be-eefb-4686-8042-969c77b7bd48"}],"timeouts":null,"wait_for_default_service_account":false},"sensitive_attributes":[],"private":"eyJlMmJmYjczMC1lY2FhLTExZTYtOGY4OC0zNDM2M2JjN2M0YzAiOnsiZGVsZXRlIjozMDAwMDAwMDAwMDB9fQ=="}]},{"mode":"managed","type":"kubernetes_persistent_volume","name":"jenkins_pv","provider":"provider[\"registry.opentofu.org/hashicorp/kubernetes\"]","instances":[{"schema_version":0,"attributes":{"id":"jenkins-pv","metadata":[{"annotations":{},"generation":0,"labels":{},"name":"jenkins-pv","resource_version":"390","uid":"d40d6ed9-8e79-4f52-ae54-5e514281917f"}],"spec":[{"access_modes":["ReadWriteOnce"],"capacity":{"storage":"10Gi"},"claim_ref":[],"mount_options":[],"node_affinity":[],"persistent_volume_reclaim_policy":"Retain","persistent_volume_source":[{"aws_elastic_block_store":[],"azure_disk":[],"azure_file":[],"ceph_fs":[],"cinder":[],"csi":[],"fc":[],"flex_volume":[],"flocker":[],"gce_persistent_disk":[],"glusterfs":[],"host_path":[{"path":"/data/jenkins-volume","type":""}],"iscsi":[],"local":[],"nfs":[],"photon_persistent_disk":[],"quobyte":[],"rbd":[],"vsphere_volume":[]}],"storage_class_name":"","volume_mode":"Filesystem"}],"timeouts":null},"sensitive_attributes":[],"private":"eyJlMmJmYjczMC1lY2FhLTExZTYtOGY4OC0zNDM2M2JjN2M0YzAiOnsiY3JlYXRlIjozMDAwMDAwMDAwMDB9fQ=="}]},{"mode":"managed","type":"kubernetes_persistent_volume_claim","name":"jenkins_pvc","provider":"provider[\"registry.opentofu.org/hashicorp/kubernetes\"]","instances":[{"schema_version":0,"attributes":{"id":"jenkins/jenkins-pvc","metadata":[{"annotations":{},"generate_name":"","generation":0,"labels":{},"name":"jenkins-pvc","namespace":"jenkins","resource_version":"425","uid":"f6a66aec-00f3-4ef6-89e3-f9e7ad35a500"}],"spec":[{"access_modes":["ReadWriteOnce"],"resources":[{"limits":{},"requests":{"storage":"10Gi"}}],"selector":[],"storage_class_name":"standard","volume_mode":"Filesystem","volume_name":"pvc-f6a66aec-00f3-4ef6-89e3-f9e7ad35a500"}],"timeouts":null,"wait_until_bound":true},"sensitive_attributes":[],"private":"eyJlMmJmYjczMC1lY2FhLTExZTYtOGY4OC0zNDM2M2JjN2M0YzAiOnsiY3JlYXRlIjozMDAwMDAwMDAwMDB9fQ==","dependencies":["kubernetes_namespace.jenkins","kubernetes_persistent_volume.jenkins_pv"]}]},{"mode":"managed","type":"kubernetes_service","name":"jenkins","provider":"provider[\"registry.opentofu.org/hashicorp/kubernetes\"]","instances":[{"schema_version":1,"attributes":{"id":"jenkins/jenkins-service","metadata":[{"annotations":{},"generate_name":"","generation":0,"labels":{},"name":"jenkins-service","namespace":"jenkins","resource_version":"397","uid":"b4e4e9ee-eaf4-4098-9105-883b25c4b230"}],"spec":[{"allocate_load_balancer_node_ports":true,"cluster_ip":"10.100.230.88","cluster_ips":["10.100.230.88"],"external_ips":[],"external_name":"","external_traffic_policy":"Cluster","health_check_node_port":0,"internal_traffic_policy":"Cluster","ip_families":["IPv4"],"ip_family_policy":"SingleStack","load_balancer_class":"","load_balancer_ip":"","load_balancer_source_ranges":[],"port":[{"app_protocol":"","name":"http","node_port":30080,"port":8080,"protocol":"TCP","target_port":"8080"},{"app_protocol":"","name":"jnlp","node_port":30050,"port":50000,"protocol":"TCP","target_port":"50000"}],"publish_not_ready_addresses":false,"selector":{"app":"jenkins"},"session_affinity":"None","session_affinity_config":[],"type":"NodePort"}],"status":[{"load_balancer":[{"ingress":[]}]}],"timeouts":null,"wait_for_load_balancer":true},"sensitive_attributes":[],"private":"eyJlMmJmYjczMC1lY2FhLTExZTYtOGY4OC0zNDM2M2JjN2M0YzAiOnsiY3JlYXRlIjo2MDAwMDAwMDAwMDB9LCJzY2hlbWFfdmVyc2lvbiI6IjEifQ==","dependencies":["kubernetes_namespace.jenkins"]}]},{"mode":"managed","type":"kubernetes_service_account","name":"jenkins","provider":"provider[\"registry.opentofu.org/hashicorp/kubernetes\"]","instances":[{"schema_version":0,"attributes":{"automount_service_account_token":true,"default_secret_name":"","id":"jenkins/jenkins","image_pull_secret":[],"metadata":[{"annotations":{},"generate_name":"","generation":0,"labels":{},"name":"jenkins","namespace":"jenkins","resource_version":"391","uid":"313fd8e3-d92b-4c66-95f0-be17c3400720"}],"secret":[],"timeouts":null},"sensitive_attributes":[],"private":"eyJlMmJmYjczMC1lY2FhLTExZTYtOGY4OC0zNDM2M2JjN2M0YzAiOnsiY3JlYXRlIjozMDAwMDAwMDAwMH19","dependencies":["kubernetes_namespace.jenkins"]}]}],"check_results":null}
